
Microsoft Visual Studio Solution File, Format Version 12.00
# Visual Studio Version 16
VisualStudioVersion = 16.0.31424.327
MinimumVisualStudioVersion = 10.0.40219.1
Project("{FAE04EC0-301F-11D3-BF4B-00C04F79EFBC}") = "BengalDroneControlBlock", "BengalDroneControlBlock/BengalDroneControlBlock.csproj", "{F2398154-9843-48D7-B451-FC36A63AE65E}"
EndProject
Global
	GlobalSection(SolutionConfigurationPlatforms) = preSolution
		AMD64|Any CPU = AMD64|Any CPU
		Debug|Any CPU = Debug|Any CPU
		Release|Any CPU = Release|Any CPU
	EndGlobalSection
	GlobalSection(ProjectConfigurationPlatforms) = postSolution
		{F2398154-9843-48D7-B451-FC36A63AE65E}.AMD64|Any CPU.ActiveCfg = AMD64|Any CPU
		{F2398154-9843-48D7-B451-FC36A63AE65E}.AMD64|Any CPU.Build.0 = AMD64|Any CPU
		{F2398154-9843-48D7-B451-FC36A63AE65E}.Debug|Any CPU.ActiveCfg = Debug|Any CPU
		{F2398154-9843-48D7-B451-FC36A63AE65E}.Debug|Any CPU.Build.0 = Debug|Any CPU
		{F2398154-9843-48D7-B451-FC36A63AE65E}.Release|Any CPU.ActiveCfg = Release|Any CPU
		{F2398154-9843-48D7-B451-FC36A63AE65E}.Release|Any CPU.Build.0 = Release|Any CPU
	EndGlobalSection
	GlobalSection(SolutionProperties) = preSolution
		HideSolutionNode = FALSE
	EndGlobalSection
	GlobalSection(ExtensibilityGlobals) = postSolution
		SolutionGuid = {9A4F80F6-8570-4ADD-BE14-31A5FBE0EA1D}
	EndGlobalSection
EndGlobal
